
Microsoft Visual Studio Solution File, Format Version 12.00
# Visual Studio Version 16
VisualStudioVersion = 16.0.31729.503
MinimumVisualStudioVersion = 10.0.40219.1
Project("{8BC9CEB8-8B4A-11D0-8D11-00A0C91BC942}") = "lab8.1_string", "lab8.1_string\lab8.1_string.vcxproj", "{A83630B7-647E-496E-9F65-5C0888878D4A}"
EndProject
Project("{8BC9CEB8-8B4A-11D0-8D11-00A0C91BC942}") = "UnitTest1", "UnitTest1\UnitTest1.vcxproj", "{E4E6C8E5-5134-4260-906E-6080725F4B0A}"
EndProject
Global
	GlobalSection(SolutionConfigurationPlatforms) = preSolution
		Debug|x64 = Debug|x64
		Debug|x86 = Debug|x86
		Release|x64 = Release|x64
		Release|x86 = Release|x86
	EndGlobalSection
	GlobalSection(ProjectConfigurationPlatforms) = postSolution
		{A83630B7-647E-496E-9F65-5C0888878D4A}.Debug|x64.ActiveCfg = Debug|x64
		{A83630B7-647E-496E-9F65-5C0888878D4A}.Debug|x64.Build.0 = Debug|x64
		{A83630B7-647E-496E-9F65-5C0888878D4A}.Debug|x86.ActiveCfg = Debug|Win32
		{A83630B7-647E-496E-9F65-5C0888878D4A}.Debug|x86.Build.0 = Debug|Win32
		{A83630B7-647E-496E-9F65-5C0888878D4A}.Release|x64.ActiveCfg = Release|x64
		{A83630B7-647E-496E-9F65-5C0888878D4A}.Release|x64.Build.0 = Release|x64
		{A83630B7-647E-496E-9F65-5C0888878D4A}.Release|x86.ActiveCfg = Release|Win32
		{A83630B7-647E-496E-9F65-5C0888878D4A}.Release|x86.Build.0 = Release|Win32
		{E4E6C8E5-5134-4260-906E-6080725F4B0A}.Debug|x64.ActiveCfg = Debug|x64
		{E4E6C8E5-5134-4260-906E-6080725F4B0A}.Debug|x64.Build.0 = Debug|x64
		{E4E6C8E5-5134-4260-906E-6080725F4B0A}.Debug|x86.ActiveCfg = Debug|Win32
		{E4E6C8E5-5134-4260-906E-6080725F4B0A}.Debug|x86.Build.0 = Debug|Win32
		{E4E6C8E5-5134-4260-906E-6080725F4B0A}.Release|x64.ActiveCfg = Release|x64
		{E4E6C8E5-5134-4260-906E-6080725F4B0A}.Release|x64.Build.0 = Release|x64
		{E4E6C8E5-5134-4260-906E-6080725F4B0A}.Release|x86.ActiveCfg = Release|Win32
		{E4E6C8E5-5134-4260-906E-6080725F4B0A}.Release|x86.Build.0 = Release|Win32
	EndGlobalSection
	GlobalSection(SolutionProperties) = preSolution
		HideSolutionNode = FALSE
	EndGlobalSection
	GlobalSection(ExtensibilityGlobals) = postSolution
		SolutionGuid = {FE86ED4B-7392-4E0E-A914-79CCFFF055F2}
	EndGlobalSection
EndGlobal
