
Microsoft Visual Studio Solution File, Format Version 12.00
# Visual Studio Version 16
VisualStudioVersion = 16.0.31729.503
MinimumVisualStudioVersion = 10.0.40219.1
Project("{8BC9CEB8-8B4A-11D0-8D11-00A0C91BC942}") = "lab8.1_char", "lab8.1_char\lab8.1_char.vcxproj", "{13577CCE-C6DB-4F19-9745-8A5EA802C4EE}"
EndProject
Project("{8BC9CEB8-8B4A-11D0-8D11-00A0C91BC942}") = "UnitTest1", "UnitTest1\UnitTest1.vcxproj", "{8972E470-EE1D-4518-BCC5-06D4B4CCBA29}"
EndProject
Global
	GlobalSection(SolutionConfigurationPlatforms) = preSolution
		Debug|x64 = Debug|x64
		Debug|x86 = Debug|x86
		Release|x64 = Release|x64
		Release|x86 = Release|x86
	EndGlobalSection
	GlobalSection(ProjectConfigurationPlatforms) = postSolution
		{13577CCE-C6DB-4F19-9745-8A5EA802C4EE}.Debug|x64.ActiveCfg = Debug|x64
		{13577CCE-C6DB-4F19-9745-8A5EA802C4EE}.Debug|x64.Build.0 = Debug|x64
		{13577CCE-C6DB-4F19-9745-8A5EA802C4EE}.Debug|x86.ActiveCfg = Debug|Win32
		{13577CCE-C6DB-4F19-9745-8A5EA802C4EE}.Debug|x86.Build.0 = Debug|Win32
		{13577CCE-C6DB-4F19-9745-8A5EA802C4EE}.Release|x64.ActiveCfg = Release|x64
		{13577CCE-C6DB-4F19-9745-8A5EA802C4EE}.Release|x64.Build.0 = Release|x64
		{13577CCE-C6DB-4F19-9745-8A5EA802C4EE}.Release|x86.ActiveCfg = Release|Win32
		{13577CCE-C6DB-4F19-9745-8A5EA802C4EE}.Release|x86.Build.0 = Release|Win32
		{8972E470-EE1D-4518-BCC5-06D4B4CCBA29}.Debug|x64.ActiveCfg = Debug|x64
		{8972E470-EE1D-4518-BCC5-06D4B4CCBA29}.Debug|x64.Build.0 = Debug|x64
		{8972E470-EE1D-4518-BCC5-06D4B4CCBA29}.Debug|x86.ActiveCfg = Debug|Win32
		{8972E470-EE1D-4518-BCC5-06D4B4CCBA29}.Debug|x86.Build.0 = Debug|Win32
		{8972E470-EE1D-4518-BCC5-06D4B4CCBA29}.Release|x64.ActiveCfg = Release|x64
		{8972E470-EE1D-4518-BCC5-06D4B4CCBA29}.Release|x64.Build.0 = Release|x64
		{8972E470-EE1D-4518-BCC5-06D4B4CCBA29}.Release|x86.ActiveCfg = Release|Win32
		{8972E470-EE1D-4518-BCC5-06D4B4CCBA29}.Release|x86.Build.0 = Release|Win32
	EndGlobalSection
	GlobalSection(SolutionProperties) = preSolution
		HideSolutionNode = FALSE
	EndGlobalSection
	GlobalSection(ExtensibilityGlobals) = postSolution
		SolutionGuid = {573A1899-747F-44E4-AD35-EC41379A028E}
	EndGlobalSection
EndGlobal
